
Microsoft Visual Studio Solution File, Format Version 12.00
# Visual Studio 15
VisualStudioVersion = 15.0.28307.489
MinimumVisualStudioVersion = 10.0.40219.1
Project("{FAE04EC0-301F-11D3-BF4B-00C04F79EFBC}") = "CountingKs", "CountingKs\CountingKs.csproj", "{731C8232-E347-46A2-92F9-8079F1569DB6}"
EndProject
Project("{FAE04EC0-301F-11D3-BF4B-00C04F79EFBC}") = "CountingKs.Data", "CountingKs.Data\CountingKs.Data.csproj", "{AF4DDE5F-8DF7-4D80-A3CD-88E1D0DBCB1D}"
EndProject
Global
	GlobalSection(SolutionConfigurationPlatforms) = preSolution
		Debug|Any CPU = Debug|Any CPU
		Release|Any CPU = Release|Any CPU
	EndGlobalSection
	GlobalSection(ProjectConfigurationPlatforms) = postSolution
		{731C8232-E347-46A2-92F9-8079F1569DB6}.Debug|Any CPU.ActiveCfg = Debug|Any CPU
		{731C8232-E347-46A2-92F9-8079F1569DB6}.Debug|Any CPU.Build.0 = Debug|Any CPU
		{731C8232-E347-46A2-92F9-8079F1569DB6}.Release|Any CPU.ActiveCfg = Release|Any CPU
		{731C8232-E347-46A2-92F9-8079F1569DB6}.Release|Any CPU.Build.0 = Release|Any CPU
		{AF4DDE5F-8DF7-4D80-A3CD-88E1D0DBCB1D}.Debug|Any CPU.ActiveCfg = Debug|Any CPU
		{AF4DDE5F-8DF7-4D80-A3CD-88E1D0DBCB1D}.Debug|Any CPU.Build.0 = Debug|Any CPU
		{AF4DDE5F-8DF7-4D80-A3CD-88E1D0DBCB1D}.Release|Any CPU.ActiveCfg = Release|Any CPU
		{AF4DDE5F-8DF7-4D80-A3CD-88E1D0DBCB1D}.Release|Any CPU.Build.0 = Release|Any CPU
	EndGlobalSection
	GlobalSection(SolutionProperties) = preSolution
		HideSolutionNode = FALSE
	EndGlobalSection
	GlobalSection(ExtensibilityGlobals) = postSolution
		SolutionGuid = {FFEBECF0-DCA0-43C2-B8C7-B9708678BEEE}
	EndGlobalSection
EndGlobal
